
Microsoft Visual Studio Solution File, Format Version 12.00
# Visual Studio Version 16
VisualStudioVersion = 16.0.31019.35
MinimumVisualStudioVersion = 10.0.40219.1
Project("{FAE04EC0-301F-11D3-BF4B-00C04F79EFBC}") = "PDomL13T4FizzBuzzPlay", "PDomL13T4FizzBuzzPlay\PDomL13T4FizzBuzzPlay.csproj", "{A49A5F1E-5E1A-4A22-9DBB-312ED4D03180}"
EndProject
Global
	GlobalSection(SolutionConfigurationPlatforms) = preSolution
		Debug|Any CPU = Debug|Any CPU
		Release|Any CPU = Release|Any CPU
	EndGlobalSection
	GlobalSection(ProjectConfigurationPlatforms) = postSolution
		{A49A5F1E-5E1A-4A22-9DBB-312ED4D03180}.Debug|Any CPU.ActiveCfg = Debug|Any CPU
		{A49A5F1E-5E1A-4A22-9DBB-312ED4D03180}.Debug|Any CPU.Build.0 = Debug|Any CPU
		{A49A5F1E-5E1A-4A22-9DBB-312ED4D03180}.Release|Any CPU.ActiveCfg = Release|Any CPU
		{A49A5F1E-5E1A-4A22-9DBB-312ED4D03180}.Release|Any CPU.Build.0 = Release|Any CPU
	EndGlobalSection
	GlobalSection(SolutionProperties) = preSolution
		HideSolutionNode = FALSE
	EndGlobalSection
	GlobalSection(ExtensibilityGlobals) = postSolution
		SolutionGuid = {8FFE7C96-15C5-49A9-8E04-A33D4C3606B6}
	EndGlobalSection
EndGlobal
